
Microsoft Visual Studio Solution File, Format Version 12.00
# Visual Studio Version 16
VisualStudioVersion = 16.0.29519.87
MinimumVisualStudioVersion = 10.0.40219.1
Project("{FAE04EC0-301F-11D3-BF4B-00C04F79EFBC}") = "ClassLibrary1", "ClassLibrary1\ClassLibrary1.csproj", "{D942BE40-7DC1-4AB1-A019-2D998B007D14}"
EndProject
Global
	GlobalSection(SolutionConfigurationPlatforms) = preSolution
		Debug|Any CPU = Debug|Any CPU
		Release|Any CPU = Release|Any CPU
	EndGlobalSection
	GlobalSection(ProjectConfigurationPlatforms) = postSolution
		{D942BE40-7DC1-4AB1-A019-2D998B007D14}.Debug|Any CPU.ActiveCfg = Debug|Any CPU
		{D942BE40-7DC1-4AB1-A019-2D998B007D14}.Debug|Any CPU.Build.0 = Debug|Any CPU
		{D942BE40-7DC1-4AB1-A019-2D998B007D14}.Release|Any CPU.ActiveCfg = Release|Any CPU
		{D942BE40-7DC1-4AB1-A019-2D998B007D14}.Release|Any CPU.Build.0 = Release|Any CPU
	EndGlobalSection
	GlobalSection(SolutionProperties) = preSolution
		HideSolutionNode = FALSE
	EndGlobalSection
	GlobalSection(ExtensibilityGlobals) = postSolution
		SolutionGuid = {CA77FBB1-B36E-435A-A5CB-0F85D0DDC9B1}
	EndGlobalSection
EndGlobal
